
Microsoft Visual Studio Solution File, Format Version 12.00
# Visual Studio Version 17
VisualStudioVersion = 17.11.35312.102
MinimumVisualStudioVersion = 10.0.40219.1
Project("{FAE04EC0-301F-11D3-BF4B-00C04F79EFBC}") = "Canteen_Management_System", "Canteen_Management_System\Canteen_Management_System.csproj", "{265FBA56-12B6-410B-8BFE-6B097A9BE29C}"
EndProject
Global
	GlobalSection(SolutionConfigurationPlatforms) = preSolution
		Debug|Any CPU = Debug|Any CPU
		Release|Any CPU = Release|Any CPU
	EndGlobalSection
	GlobalSection(ProjectConfigurationPlatforms) = postSolution
		{265FBA56-12B6-410B-8BFE-6B097A9BE29C}.Debug|Any CPU.ActiveCfg = Debug|Any CPU
		{265FBA56-12B6-410B-8BFE-6B097A9BE29C}.Debug|Any CPU.Build.0 = Debug|Any CPU
		{265FBA56-12B6-410B-8BFE-6B097A9BE29C}.Release|Any CPU.ActiveCfg = Release|Any CPU
		{265FBA56-12B6-410B-8BFE-6B097A9BE29C}.Release|Any CPU.Build.0 = Release|Any CPU
	EndGlobalSection
	GlobalSection(SolutionProperties) = preSolution
		HideSolutionNode = FALSE
	EndGlobalSection
	GlobalSection(ExtensibilityGlobals) = postSolution
		SolutionGuid = {0F5BF04A-F417-404F-BDB5-F40C114E5785}
	EndGlobalSection
EndGlobal
